
Microsoft Visual Studio Solution File, Format Version 12.00
# Visual Studio Version 17
VisualStudioVersion = 17.3.32901.215
MinimumVisualStudioVersion = 10.0.40219.1
Project("{FAE04EC0-301F-11D3-BF4B-00C04F79EFBC}") = "eindopdracht2.Android", "eindopdracht2\eindopdracht2.Android\eindopdracht2.Android.csproj", "{279A34BA-1389-4EB3-BFF2-50C3C0D10FCF}"
EndProject
Project("{FAE04EC0-301F-11D3-BF4B-00C04F79EFBC}") = "eindopdracht2", "eindopdracht2\eindopdracht2\eindopdracht2.csproj", "{9C9D0AB7-F1D4-4CE3-9156-7C3DF575386B}"
EndProject
Global
	GlobalSection(SolutionConfigurationPlatforms) = preSolution
		Debug|Any CPU = Debug|Any CPU
		Release|Any CPU = Release|Any CPU
	EndGlobalSection
	GlobalSection(ProjectConfigurationPlatforms) = postSolution
		{279A34BA-1389-4EB3-BFF2-50C3C0D10FCF}.Debug|Any CPU.ActiveCfg = Debug|Any CPU
		{279A34BA-1389-4EB3-BFF2-50C3C0D10FCF}.Debug|Any CPU.Build.0 = Debug|Any CPU
		{279A34BA-1389-4EB3-BFF2-50C3C0D10FCF}.Debug|Any CPU.Deploy.0 = Debug|Any CPU
		{279A34BA-1389-4EB3-BFF2-50C3C0D10FCF}.Release|Any CPU.ActiveCfg = Release|Any CPU
		{279A34BA-1389-4EB3-BFF2-50C3C0D10FCF}.Release|Any CPU.Build.0 = Release|Any CPU
		{279A34BA-1389-4EB3-BFF2-50C3C0D10FCF}.Release|Any CPU.Deploy.0 = Release|Any CPU
		{9C9D0AB7-F1D4-4CE3-9156-7C3DF575386B}.Debug|Any CPU.ActiveCfg = Debug|Any CPU
		{9C9D0AB7-F1D4-4CE3-9156-7C3DF575386B}.Debug|Any CPU.Build.0 = Debug|Any CPU
		{9C9D0AB7-F1D4-4CE3-9156-7C3DF575386B}.Debug|Any CPU.Deploy.0 = Debug|Any CPU
		{9C9D0AB7-F1D4-4CE3-9156-7C3DF575386B}.Release|Any CPU.ActiveCfg = Release|Any CPU
		{9C9D0AB7-F1D4-4CE3-9156-7C3DF575386B}.Release|Any CPU.Build.0 = Release|Any CPU
		{9C9D0AB7-F1D4-4CE3-9156-7C3DF575386B}.Release|Any CPU.Deploy.0 = Release|Any CPU
	EndGlobalSection
	GlobalSection(SolutionProperties) = preSolution
		HideSolutionNode = FALSE
	EndGlobalSection
	GlobalSection(ExtensibilityGlobals) = postSolution
		SolutionGuid = {EA49A8B2-48A5-4445-9BCF-84F0A7843DE7}
	EndGlobalSection
EndGlobal
